
Microsoft Visual Studio Solution File, Format Version 12.00
# Visual Studio Version 17
VisualStudioVersion = 17.10.35013.160
MinimumVisualStudioVersion = 10.0.40219.1
Project("{FAE04EC0-301F-11D3-BF4B-00C04F79EFBC}") = "FundamentosBlazorComponentes", "FundamentosBlazorComponentes\FundamentosBlazorComponentes.csproj", "{D13710C6-0532-4403-AFB7-B6988EDA8B5E}"
EndProject
Global
	GlobalSection(SolutionConfigurationPlatforms) = preSolution
		Debug|Any CPU = Debug|Any CPU
		Release|Any CPU = Release|Any CPU
	EndGlobalSection
	GlobalSection(ProjectConfigurationPlatforms) = postSolution
		{D13710C6-0532-4403-AFB7-B6988EDA8B5E}.Debug|Any CPU.ActiveCfg = Debug|Any CPU
		{D13710C6-0532-4403-AFB7-B6988EDA8B5E}.Debug|Any CPU.Build.0 = Debug|Any CPU
		{D13710C6-0532-4403-AFB7-B6988EDA8B5E}.Release|Any CPU.ActiveCfg = Release|Any CPU
		{D13710C6-0532-4403-AFB7-B6988EDA8B5E}.Release|Any CPU.Build.0 = Release|Any CPU
	EndGlobalSection
	GlobalSection(SolutionProperties) = preSolution
		HideSolutionNode = FALSE
	EndGlobalSection
	GlobalSection(ExtensibilityGlobals) = postSolution
		SolutionGuid = {1789D29E-5363-44A9-8351-FF5E635C7F2C}
	EndGlobalSection
EndGlobal
